
Microsoft Visual Studio Solution File, Format Version 12.00
# Visual Studio Version 17
VisualStudioVersion = 17.5.33103.201
MinimumVisualStudioVersion = 10.0.40219.1
Project("{FAE04EC0-301F-11D3-BF4B-00C04F79EFBC}") = "ScrapingScoundrel.Functions", "ScrapingScoundrel.Functions\ScrapingScoundrel.Functions.csproj", "{8E23CCA9-767E-4105-AB6A-F056116DE157}"
EndProject
Global
	GlobalSection(SolutionConfigurationPlatforms) = preSolution
		Debug|Any CPU = Debug|Any CPU
		Release|Any CPU = Release|Any CPU
	EndGlobalSection
	GlobalSection(ProjectConfigurationPlatforms) = postSolution
		{8E23CCA9-767E-4105-AB6A-F056116DE157}.Debug|Any CPU.ActiveCfg = Debug|Any CPU
		{8E23CCA9-767E-4105-AB6A-F056116DE157}.Debug|Any CPU.Build.0 = Debug|Any CPU
		{8E23CCA9-767E-4105-AB6A-F056116DE157}.Release|Any CPU.ActiveCfg = Release|Any CPU
		{8E23CCA9-767E-4105-AB6A-F056116DE157}.Release|Any CPU.Build.0 = Release|Any CPU
	EndGlobalSection
	GlobalSection(SolutionProperties) = preSolution
		HideSolutionNode = FALSE
	EndGlobalSection
	GlobalSection(ExtensibilityGlobals) = postSolution
		SolutionGuid = {F091DA9B-ED50-45D7-A1CA-4248FBB54ADF}
	EndGlobalSection
EndGlobal
